
Microsoft Visual Studio Solution File, Format Version 12.00
# Visual Studio Version 16
VisualStudioVersion = 16.0.31019.35
MinimumVisualStudioVersion = 10.0.40219.1
Project("{FAE04EC0-301F-11D3-BF4B-00C04F79EFBC}") = "User.API", "User.API\User.API.csproj", "{F7C371DB-063D-466E-916D-ACC00DF91DB1}"
EndProject
Project("{FAE04EC0-301F-11D3-BF4B-00C04F79EFBC}") = "User.Data", "User.Data\User.Data.csproj", "{7EFE9D0C-2A68-4A81-8765-DC44EA05093F}"
EndProject
Project("{FAE04EC0-301F-11D3-BF4B-00C04F79EFBC}") = "User.Domain", "User.Domain\User.Domain.csproj", "{9233124B-C709-4FC3-AEF5-BBE71789D267}"
EndProject
Global
	GlobalSection(SolutionConfigurationPlatforms) = preSolution
		Debug|Any CPU = Debug|Any CPU
		Release|Any CPU = Release|Any CPU
	EndGlobalSection
	GlobalSection(ProjectConfigurationPlatforms) = postSolution
		{F7C371DB-063D-466E-916D-ACC00DF91DB1}.Debug|Any CPU.ActiveCfg = Debug|Any CPU
		{F7C371DB-063D-466E-916D-ACC00DF91DB1}.Debug|Any CPU.Build.0 = Debug|Any CPU
		{F7C371DB-063D-466E-916D-ACC00DF91DB1}.Release|Any CPU.ActiveCfg = Release|Any CPU
		{F7C371DB-063D-466E-916D-ACC00DF91DB1}.Release|Any CPU.Build.0 = Release|Any CPU
		{7EFE9D0C-2A68-4A81-8765-DC44EA05093F}.Debug|Any CPU.ActiveCfg = Debug|Any CPU
		{7EFE9D0C-2A68-4A81-8765-DC44EA05093F}.Debug|Any CPU.Build.0 = Debug|Any CPU
		{7EFE9D0C-2A68-4A81-8765-DC44EA05093F}.Release|Any CPU.ActiveCfg = Release|Any CPU
		{7EFE9D0C-2A68-4A81-8765-DC44EA05093F}.Release|Any CPU.Build.0 = Release|Any CPU
		{9233124B-C709-4FC3-AEF5-BBE71789D267}.Debug|Any CPU.ActiveCfg = Debug|Any CPU
		{9233124B-C709-4FC3-AEF5-BBE71789D267}.Debug|Any CPU.Build.0 = Debug|Any CPU
		{9233124B-C709-4FC3-AEF5-BBE71789D267}.Release|Any CPU.ActiveCfg = Release|Any CPU
		{9233124B-C709-4FC3-AEF5-BBE71789D267}.Release|Any CPU.Build.0 = Release|Any CPU
	EndGlobalSection
	GlobalSection(SolutionProperties) = preSolution
		HideSolutionNode = FALSE
	EndGlobalSection
	GlobalSection(ExtensibilityGlobals) = postSolution
		SolutionGuid = {27A890B9-75BF-4768-9632-DDD93D71297E}
	EndGlobalSection
EndGlobal
